{
  "version": 4,
  "terraform_version": "1.1.7",
  "serial": 5,
  "lineage": "8e099dfc-8b4e-e8cd-29cc-2ac7f7383d38",
  "outputs": {
    "PrivateIP": {
      "value": "172.31.33.3",
      "type": "string"
    },
    "PublicIP": {
      "value": "3.81.82.137",
      "type": "string"
    }
  },
  "resources": [
    {
      "mode": "managed",
      "type": "aws_instance",
      "name": "dev-inst",
      "provider": "provider[\"registry.terraform.io/hashicorp/aws\"]",
      "instances": [
        {
          "schema_version": 1,
          "attributes": {
            "ami": "ami-04505e74c0741db8d",
            "arn": "arn:aws:ec2:us-east-1:484060320580:instance/i-00312d7be512126a5",
            "associate_public_ip_address": true,
            "availability_zone": "us-east-1a",
            "capacity_reservation_specification": [
              {
                "capacity_reservation_preference": "open",
                "capacity_reservation_target": []
              }
            ],
            "cpu_core_count": 1,
            "cpu_threads_per_core": 1,
            "credit_specification": [
              {
                "cpu_credits": "standard"
              }
            ],
            "disable_api_termination": false,
            "ebs_block_device": [],
            "ebs_optimized": false,
            "enclave_options": [
              {
                "enabled": false
              }
            ],
            "ephemeral_block_device": [],
            "get_password_data": false,
            "hibernation": false,
            "host_id": null,
            "iam_instance_profile": "",
            "id": "i-00312d7be512126a5",
            "instance_initiated_shutdown_behavior": "stop",
            "instance_state": "running",
            "instance_type": "t2.micro",
            "ipv6_address_count": 0,
            "ipv6_addresses": [],
            "key_name": "",
            "launch_template": [],
            "metadata_options": [
              {
                "http_endpoint": "enabled",
                "http_put_response_hop_limit": 1,
                "http_tokens": "optional",
                "instance_metadata_tags": "disabled"
              }
            ],
            "monitoring": false,
            "network_interface": [],
            "outpost_arn": "",
            "password_data": "",
            "placement_group": "",
            "placement_partition_number": null,
            "primary_network_interface_id": "eni-062cb9dce3e144955",
            "private_dns": "ip-172-31-33-3.ec2.internal",
            "private_ip": "172.31.33.3",
            "public_dns": "ec2-3-81-82-137.compute-1.amazonaws.com",
            "public_ip": "3.81.82.137",
            "root_block_device": [
              {
                "delete_on_termination": true,
                "device_name": "/dev/sda1",
                "encrypted": false,
                "iops": 100,
                "kms_key_id": "",
                "tags": {},
                "throughput": 0,
                "volume_id": "vol-0f3ad46a6b8d3d2b3",
                "volume_size": 8,
                "volume_type": "gp2"
              }
            ],
            "secondary_private_ips": [],
            "security_groups": [
              "EC2-Minikube-access"
            ],
            "source_dest_check": true,
            "subnet_id": "subnet-0d582668da21d7700",
            "tags": {
              "Name": "Dev",
              "description": "Dev Instacne"
            },
            "tags_all": {
              "Name": "Dev",
              "description": "Dev Instacne"
            },
            "tenancy": "default",
            "timeouts": null,
            "user_data": "252cd3a97eff600b370742e554fbc1a8be65d4d8",
            "user_data_base64": null,
            "user_data_replace_on_change": false,
            "volume_tags": null,
            "vpc_security_group_ids": [
              "sg-06fcd874d123337b1"
            ]
          },
          "sensitive_attributes": [],
          "private": "eyJlMmJmYjczMC1lY2FhLTExZTYtOGY4OC0zNDM2M2JjN2M0YzAiOnsiY3JlYXRlIjo2MDAwMDAwMDAwMDAsImRlbGV0ZSI6MTIwMDAwMDAwMDAwMCwidXBkYXRlIjo2MDAwMDAwMDAwMDB9LCJzY2hlbWFfdmVyc2lvbiI6IjEifQ=="
        }
      ]
    },
    {
      "mode": "managed",
      "type": "aws_key_pair",
      "name": "terraform-key",
      "provider": "provider[\"registry.terraform.io/hashicorp/aws\"]",
      "instances": [
        {
          "schema_version": 1,
          "attributes": {
            "arn": "arn:aws:ec2:us-east-1:484060320580:key-pair/terraform-key",
            "fingerprint": "8e:7f:3c:50:9a:15:14:57:16:56:2b:86:ac:b6:66:99",
            "id": "terraform-key",
            "key_name": "terraform-key",
            "key_name_prefix": "",
            "key_pair_id": "key-0efda6edab0871c0d",
            "public_key": "ssh-rsa AAAAB3NzaC1yc2EAAAADAQABAAABgQC6oLsK5AMnfjsdvMACljDg1s6wZqShgRt7o2RsjnNMXNALPmYxfAdgCQn2LikXNIPgmOaiDJRiINCinRDucOjtiIYGj9YQmuqyHoF6UmM1rV0u7sjG7RNfthE55MtLgzBWQa/CL69JZFDOnr9AIOYVwb+0yQvnY16yMVV94Kq7GabWtreaetj0YmMWZM/Ui+jt2HMKt9e/O0u9vy5oAofW2OtGOyoSCwTq7EX9dy1z4P1M/ijUMmrLpoHt9o8yqXJ530awuQubNNjVFup77jw8gBT2+x/YL/ayxDVtrbvrjXRx/lOXs5VNwJkQJXyJr8ELVfZikwMl8rhZpqntRctnOxinVYMSqGRXGPrnyEhPfDNRDp8zTiy9junvrusGx5zYdy4wN5HZvGRJpOZqMcQM3S/h4qN/wSk5ryyUC786vHejZ2zkR+yFjP2sgVbQehyyYmozvpGnmzZ+Cp7R83aDEK4VN2cpuRFi/9SeDC76eQFmKbepvhnYtLShBvcUYRk= lenovo@DESKTOP-UTSSEKB",
            "tags": null,
            "tags_all": {}
          },
          "sensitive_attributes": [],
          "private": "eyJzY2hlbWFfdmVyc2lvbiI6IjEifQ=="
        }
      ]
    }
  ]
}
